
Microsoft Visual Studio Solution File, Format Version 12.00
# Visual Studio Version 17
VisualStudioVersion = 17.0.31903.59
MinimumVisualStudioVersion = 10.0.40219.1
Project("{FAE04EC0-301F-11D3-BF4B-00C04F79EFBC}") = "A2Aapi", "A2Aapi\A2Aapi.csproj", "{DF982ED4-16DC-49A4-9FDF-A69F56D1B9D8}"
EndProject
Project("{FAE04EC0-301F-11D3-BF4B-00C04F79EFBC}") = "A2Aclient", "A2Aclient\A2Aclient.csproj", "{BBBDE7AA-401C-42D4-B9F4-A4340C886994}"
EndProject
Global
	GlobalSection(SolutionConfigurationPlatforms) = preSolution
		Debug|Any CPU = Debug|Any CPU
		Debug|x64 = Debug|x64
		Debug|x86 = Debug|x86
		Release|Any CPU = Release|Any CPU
		Release|x64 = Release|x64
		Release|x86 = Release|x86
	EndGlobalSection
	GlobalSection(ProjectConfigurationPlatforms) = postSolution
		{DF982ED4-16DC-49A4-9FDF-A69F56D1B9D8}.Debug|Any CPU.ActiveCfg = Debug|Any CPU
		{DF982ED4-16DC-49A4-9FDF-A69F56D1B9D8}.Debug|Any CPU.Build.0 = Debug|Any CPU
		{DF982ED4-16DC-49A4-9FDF-A69F56D1B9D8}.Debug|x64.ActiveCfg = Debug|Any CPU
		{DF982ED4-16DC-49A4-9FDF-A69F56D1B9D8}.Debug|x64.Build.0 = Debug|Any CPU
		{DF982ED4-16DC-49A4-9FDF-A69F56D1B9D8}.Debug|x86.ActiveCfg = Debug|Any CPU
		{DF982ED4-16DC-49A4-9FDF-A69F56D1B9D8}.Debug|x86.Build.0 = Debug|Any CPU
		{DF982ED4-16DC-49A4-9FDF-A69F56D1B9D8}.Release|Any CPU.ActiveCfg = Release|Any CPU
		{DF982ED4-16DC-49A4-9FDF-A69F56D1B9D8}.Release|Any CPU.Build.0 = Release|Any CPU
		{DF982ED4-16DC-49A4-9FDF-A69F56D1B9D8}.Release|x64.ActiveCfg = Release|Any CPU
		{DF982ED4-16DC-49A4-9FDF-A69F56D1B9D8}.Release|x64.Build.0 = Release|Any CPU
		{DF982ED4-16DC-49A4-9FDF-A69F56D1B9D8}.Release|x86.ActiveCfg = Release|Any CPU
		{DF982ED4-16DC-49A4-9FDF-A69F56D1B9D8}.Release|x86.Build.0 = Release|Any CPU
		{BBBDE7AA-401C-42D4-B9F4-A4340C886994}.Debug|Any CPU.ActiveCfg = Debug|Any CPU
		{BBBDE7AA-401C-42D4-B9F4-A4340C886994}.Debug|Any CPU.Build.0 = Debug|Any CPU
		{BBBDE7AA-401C-42D4-B9F4-A4340C886994}.Debug|x64.ActiveCfg = Debug|Any CPU
		{BBBDE7AA-401C-42D4-B9F4-A4340C886994}.Debug|x64.Build.0 = Debug|Any CPU
		{BBBDE7AA-401C-42D4-B9F4-A4340C886994}.Debug|x86.ActiveCfg = Debug|Any CPU
		{BBBDE7AA-401C-42D4-B9F4-A4340C886994}.Debug|x86.Build.0 = Debug|Any CPU
		{BBBDE7AA-401C-42D4-B9F4-A4340C886994}.Release|Any CPU.ActiveCfg = Release|Any CPU
		{BBBDE7AA-401C-42D4-B9F4-A4340C886994}.Release|Any CPU.Build.0 = Release|Any CPU
		{BBBDE7AA-401C-42D4-B9F4-A4340C886994}.Release|x64.ActiveCfg = Release|Any CPU
		{BBBDE7AA-401C-42D4-B9F4-A4340C886994}.Release|x64.Build.0 = Release|Any CPU
		{BBBDE7AA-401C-42D4-B9F4-A4340C886994}.Release|x86.ActiveCfg = Release|Any CPU
		{BBBDE7AA-401C-42D4-B9F4-A4340C886994}.Release|x86.Build.0 = Release|Any CPU
	EndGlobalSection
	GlobalSection(SolutionProperties) = preSolution
		HideSolutionNode = FALSE
	EndGlobalSection
EndGlobal
