Microsoft Visual Studio Solution File, Format Version 12.00
# Visual Studio Version 17
VisualStudioVersion = 17.5.2.0
MinimumVisualStudioVersion = 10.0.40219.1
Project("{FAE04EC0-301F-11D3-BF4B-00C04F79EFBC}") = "A2Aapi", "A2Aapi.csproj", "{51838F38-284D-153F-FB7D-12D0AAC1B580}"
EndProject
Global
	GlobalSection(SolutionConfigurationPlatforms) = preSolution
		Debug|Any CPU = Debug|Any CPU
		Release|Any CPU = Release|Any CPU
	EndGlobalSection
	GlobalSection(ProjectConfigurationPlatforms) = postSolution
		{51838F38-284D-153F-FB7D-12D0AAC1B580}.Debug|Any CPU.ActiveCfg = Debug|Any CPU
		{51838F38-284D-153F-FB7D-12D0AAC1B580}.Debug|Any CPU.Build.0 = Debug|Any CPU
		{51838F38-284D-153F-FB7D-12D0AAC1B580}.Release|Any CPU.ActiveCfg = Release|Any CPU
		{51838F38-284D-153F-FB7D-12D0AAC1B580}.Release|Any CPU.Build.0 = Release|Any CPU
	EndGlobalSection
	GlobalSection(SolutionProperties) = preSolution
		HideSolutionNode = FALSE
	EndGlobalSection
	GlobalSection(ExtensibilityGlobals) = postSolution
		SolutionGuid = {345ADC2B-040A-4446-A772-5B99C1F93B95}
	EndGlobalSection
EndGlobal
